
Microsoft Visual Studio Solution File, Format Version 12.00
# Visual Studio Version 16
VisualStudioVersion = 16.0.29613.14
MinimumVisualStudioVersion = 10.0.40219.1
Project("{9A19103F-16F7-4668-BE54-9A1E7A4F7556}") = "VarietyFootwear", "VarietyFootwear\VarietyFootwear.csproj", "{DE90428D-8BFB-4081-A55C-D3BE15EA3589}"
EndProject
Project("{9A19103F-16F7-4668-BE54-9A1E7A4F7556}") = "VarietyFootwear.EntityFramework", "VarietyFootwear.EntityFramework\VarietyFootwear.EntityFramework.csproj", "{EF73CC25-E7DE-4F32-982A-2497B73107B6}"
EndProject
Global
	GlobalSection(SolutionConfigurationPlatforms) = preSolution
		Debug|Any CPU = Debug|Any CPU
		Release|Any CPU = Release|Any CPU
	EndGlobalSection
	GlobalSection(ProjectConfigurationPlatforms) = postSolution
		{DE90428D-8BFB-4081-A55C-D3BE15EA3589}.Debug|Any CPU.ActiveCfg = Debug|Any CPU
		{DE90428D-8BFB-4081-A55C-D3BE15EA3589}.Debug|Any CPU.Build.0 = Debug|Any CPU
		{DE90428D-8BFB-4081-A55C-D3BE15EA3589}.Release|Any CPU.ActiveCfg = Release|Any CPU
		{DE90428D-8BFB-4081-A55C-D3BE15EA3589}.Release|Any CPU.Build.0 = Release|Any CPU
		{EF73CC25-E7DE-4F32-982A-2497B73107B6}.Debug|Any CPU.ActiveCfg = Debug|Any CPU
		{EF73CC25-E7DE-4F32-982A-2497B73107B6}.Debug|Any CPU.Build.0 = Debug|Any CPU
		{EF73CC25-E7DE-4F32-982A-2497B73107B6}.Release|Any CPU.ActiveCfg = Release|Any CPU
		{EF73CC25-E7DE-4F32-982A-2497B73107B6}.Release|Any CPU.Build.0 = Release|Any CPU
	EndGlobalSection
	GlobalSection(SolutionProperties) = preSolution
		HideSolutionNode = FALSE
	EndGlobalSection
	GlobalSection(ExtensibilityGlobals) = postSolution
		SolutionGuid = {707DED74-DFD1-4A5C-B39D-1782D360513F}
	EndGlobalSection
EndGlobal
